
Microsoft Visual Studio Solution File, Format Version 12.00
# Visual Studio Version 16
VisualStudioVersion = 16.0.31005.135
MinimumVisualStudioVersion = 10.0.40219.1
Project("{FAE04EC0-301F-11D3-BF4B-00C04F79EFBC}") = "WindowsFormsApp1", "WindowsFormsApp1\WindowsFormsApp1.csproj", "{B40B5672-B14D-4D38-8AB8-D682CB5ADD8C}"
EndProject
Global
	GlobalSection(SolutionConfigurationPlatforms) = preSolution
		Debug|Any CPU = Debug|Any CPU
		Release|Any CPU = Release|Any CPU
	EndGlobalSection
	GlobalSection(ProjectConfigurationPlatforms) = postSolution
		{B40B5672-B14D-4D38-8AB8-D682CB5ADD8C}.Debug|Any CPU.ActiveCfg = Debug|Any CPU
		{B40B5672-B14D-4D38-8AB8-D682CB5ADD8C}.Debug|Any CPU.Build.0 = Debug|Any CPU
		{B40B5672-B14D-4D38-8AB8-D682CB5ADD8C}.Release|Any CPU.ActiveCfg = Release|Any CPU
		{B40B5672-B14D-4D38-8AB8-D682CB5ADD8C}.Release|Any CPU.Build.0 = Release|Any CPU
	EndGlobalSection
	GlobalSection(SolutionProperties) = preSolution
		HideSolutionNode = FALSE
	EndGlobalSection
	GlobalSection(ExtensibilityGlobals) = postSolution
		SolutionGuid = {C90BD27D-2E52-460E-959E-920F511BDEE3}
	EndGlobalSection
EndGlobal
